
Microsoft Visual Studio Solution File, Format Version 12.00
# Visual Studio Version 16
VisualStudioVersion = 16.0.30517.126
MinimumVisualStudioVersion = 10.0.40219.1
Project("{FAE04EC0-301F-11D3-BF4B-00C04F79EFBC}") = "RandomNumerGenerators", "RandomNumerGenerators\RandomNumerGenerators.csproj", "{E51B7A5D-B464-43AB-83F4-C644892FBB4F}"
EndProject
Project("{FAE04EC0-301F-11D3-BF4B-00C04F79EFBC}") = "DiceGame", "DiceGame\DiceGame.csproj", "{C0821A85-05D6-4651-9991-4288ACC20191}"
EndProject
Global
	GlobalSection(SolutionConfigurationPlatforms) = preSolution
		Debug|Any CPU = Debug|Any CPU
		Release|Any CPU = Release|Any CPU
	EndGlobalSection
	GlobalSection(ProjectConfigurationPlatforms) = postSolution
		{E51B7A5D-B464-43AB-83F4-C644892FBB4F}.Debug|Any CPU.ActiveCfg = Debug|Any CPU
		{E51B7A5D-B464-43AB-83F4-C644892FBB4F}.Debug|Any CPU.Build.0 = Debug|Any CPU
		{E51B7A5D-B464-43AB-83F4-C644892FBB4F}.Release|Any CPU.ActiveCfg = Release|Any CPU
		{E51B7A5D-B464-43AB-83F4-C644892FBB4F}.Release|Any CPU.Build.0 = Release|Any CPU
		{C0821A85-05D6-4651-9991-4288ACC20191}.Debug|Any CPU.ActiveCfg = Debug|Any CPU
		{C0821A85-05D6-4651-9991-4288ACC20191}.Debug|Any CPU.Build.0 = Debug|Any CPU
		{C0821A85-05D6-4651-9991-4288ACC20191}.Release|Any CPU.ActiveCfg = Release|Any CPU
		{C0821A85-05D6-4651-9991-4288ACC20191}.Release|Any CPU.Build.0 = Release|Any CPU
	EndGlobalSection
	GlobalSection(SolutionProperties) = preSolution
		HideSolutionNode = FALSE
	EndGlobalSection
	GlobalSection(ExtensibilityGlobals) = postSolution
		SolutionGuid = {C55DCA4E-9638-4CDD-918D-0056132E392D}
	EndGlobalSection
EndGlobal
